// !$*UTF8*$!
{
	archiveVersion = 1;
	classes = {
	};
	objectVersion = 77;
	objects = {

/* Begin PBXContainerItemProxy section */
		232DE3642DE64FBA00F5630E /* PBXContainerItemProxy */ = {
			isa = PBXContainerItemProxy;
			containerPortal = 232DE34C2DE64FB900F5630E /* Project object */;
			proxyType = 1;
			remoteGlobalIDString = 232DE3532DE64FB900F5630E;
			remoteInfo = BabelRx;
		};
		232DE36E2DE64FBA00F5630E /* PBXContainerItemProxy */ = {
			isa = PBXContainerItemProxy;
			containerPortal = 232DE34C2DE64FB900F5630E /* Project object */;
			proxyType = 1;
			remoteGlobalIDString = 232DE3532DE64FB900F5630E;
			remoteInfo = BabelRx;
		};
/* End PBXContainerItemProxy section */

/* Begin PBXFileReference section */
		232DE3542DE64FB900F5630E /* BabelRx.app */ = {isa = PBXFileReference; explicitFileType = wrapper.application; includeInIndex = 0; path = BabelRx.app; sourceTree = BUILT_PRODUCTS_DIR; };
		232DE3632DE64FBA00F5630E /* BabelRxTests.xctest */ = {isa = PBXFileReference; explicitFileType = wrapper.cfbundle; includeInIndex = 0; path = BabelRxTests.xctest; sourceTree = BUILT_PRODUCTS_DIR; };
		232DE36D2DE64FBA00F5630E /* BabelRxUITests.xctest */ = {isa = PBXFileReference; explicitFileType = wrapper.cfbundle; includeInIndex = 0; path = BabelRxUITests.xctest; sourceTree = BUILT_PRODUCTS_DIR; };
/* End PBXFileReference section */

/* Begin PBXFileSystemSynchronizedRootGroup section */
		232DE3562DE64FB900F5630E /* BabelRx */ = {
			isa = PBXFileSystemSynchronizedRootGroup;
			path = BabelRx;
			sourceTree = "<group>";
		};
		232DE3662DE64FBA00F5630E /* BabelRxTests */ = {
			isa = PBXFileSystemSynchronizedRootGroup;
			path = BabelRxTests;
			sourceTree = "<group>";
		};
		232DE3702DE64FBA00F5630E /* BabelRxUITests */ = {
			isa = PBXFileSystemSynchronizedRootGroup;
			path = BabelRxUITests;
			sourceTree = "<group>";
		};
/* End PBXFileSystemSynchronizedRootGroup section */

/* Begin PBXFrameworksBuildPhase section */
		232DE3512DE64FB900F5630E /* Frameworks */ = {
			isa = PBXFrameworksBuildPhase;
			buildActionMask = 2147483647;
			files = (
			);
			runOnlyForDeploymentPostprocessing = 0;
		};
		232DE3602DE64FBA00F5630E /* Frameworks */ = {
			isa = PBXFrameworksBuildPhase;
			buildActionMask = 2147483647;
			files = (
			);
			runOnlyForDeploymentPostprocessing = 0;
		};
		232DE36A2DE64FBA00F5630E /* Frameworks */ = {
			isa = PBXFrameworksBuildPhase;
			buildActionMask = 2147483647;
			files = (
			);
			runOnlyForDeploymentPostprocessing = 0;
		};
/* End PBXFrameworksBuildPhase section */

/* Begin PBXGroup section */
		232DE34B2DE64FB900F5630E = {
			isa = PBXGroup;
			children = (
				232DE3562DE64FB900F5630E /* BabelRx */,
				232DE3662DE64FBA00F5630E /* BabelRxTests */,
				232DE3702DE64FBA00F5630E /* BabelRxUITests */,
				232DE3552DE64FB900F5630E /* Products */,
			);
			sourceTree = "<group>";
		};
		232DE3552DE64FB900F5630E /* Products */ = {
			isa = PBXGroup;
			children = (
				232DE3542DE64FB900F5630E /* BabelRx.app */,
				232DE3632DE64FBA00F5630E /* BabelRxTests.xctest */,
				232DE36D2DE64FBA00F5630E /* BabelRxUITests.xctest */,
			);
			name = Products;
			sourceTree = "<group>";
		};
/* End PBXGroup section */

/* Begin PBXNativeTarget section */
		232DE3532DE64FB900F5630E /* BabelRx */ = {
			isa = PBXNativeTarget;
			buildConfigurationList = 232DE3772DE64FBA00F5630E /* Build configuration list for PBXNativeTarget "BabelRx" */;
			buildPhases = (
				232DE3502DE64FB900F5630E /* Sources */,
				232DE3512DE64FB900F5630E /* Frameworks */,
				232DE3522DE64FB900F5630E /* Resources */,
			);
			buildRules = (
			);
			dependencies = (
			);
			fileSystemSynchronizedGroups = (
				232DE3562DE64FB900F5630E /* BabelRx */,
			);
			name = BabelRx;
			packageProductDependencies = (
			);
			productName = BabelRx;
			productReference = 232DE3542DE64FB900F5630E /* BabelRx.app */;
			productType = "com.apple.product-type.application";
		};
		232DE3622DE64FBA00F5630E /* BabelRxTests */ = {
			isa = PBXNativeTarget;
			buildConfigurationList = 232DE37A2DE64FBA00F5630E /* Build configuration list for PBXNativeTarget "BabelRxTests" */;
			buildPhases = (
				232DE35F2DE64FBA00F5630E /* Sources */,
				232DE3602DE64FBA00F5630E /* Frameworks */,
				232DE3612DE64FBA00F5630E /* Resources */,
			);
			buildRules = (
			);
			dependencies = (
				232DE3652DE64FBA00F5630E /* PBXTargetDependency */,
			);
			fileSystemSynchronizedGroups = (
				232DE3662DE64FBA00F5630E /* BabelRxTests */,
			);
			name = BabelRxTests;
			packageProductDependencies = (
			);
			productName = BabelRxTests;
			productReference = 232DE3632DE64FBA00F5630E /* BabelRxTests.xctest */;
			productType = "com.apple.product-type.bundle.unit-test";
		};
		232DE36C2DE64FBA00F5630E /* BabelRxUITests */ = {
			isa = PBXNativeTarget;
			buildConfigurationList = 232DE37D2DE64FBA00F5630E /* Build configuration list for PBXNativeTarget "BabelRxUITests" */;
			buildPhases = (
				232DE3692DE64FBA00F5630E /* Sources */,
				232DE36A2DE64FBA00F5630E /* Frameworks */,
				232DE36B2DE64FBA00F5630E /* Resources */,
			);
			buildRules = (
			);
			dependencies = (
				232DE36F2DE64FBA00F5630E /* PBXTargetDependency */,
			);
			fileSystemSynchronizedGroups = (
				232DE3702DE64FBA00F5630E /* BabelRxUITests */,
			);
			name = BabelRxUITests;
			packageProductDependencies = (
			);
			productName = BabelRxUITests;
			productReference = 232DE36D2DE64FBA00F5630E /* BabelRxUITests.xctest */;
			productType = "com.apple.product-type.bundle.ui-testing";
		};
/* End PBXNativeTarget section */

/* Begin PBXProject section */
		232DE34C2DE64FB900F5630E /* Project object */ = {
			isa = PBXProject;
			attributes = {
				BuildIndependentTargetsInParallel = 1;
				LastSwiftUpdateCheck = 1640;
				LastUpgradeCheck = 1640;
				TargetAttributes = {
					232DE3532DE64FB900F5630E = {
						CreatedOnToolsVersion = 16.4;
					};
					232DE3622DE64FBA00F5630E = {
						CreatedOnToolsVersion = 16.4;
						TestTargetID = 232DE3532DE64FB900F5630E;
					};
					232DE36C2DE64FBA00F5630E = {
						CreatedOnToolsVersion = 16.4;
						TestTargetID = 232DE3532DE64FB900F5630E;
					};
				};
			};
			buildConfigurationList = 232DE34F2DE64FB900F5630E /* Build configuration list for PBXProject "BabelRx" */;
			developmentRegion = en;
			hasScannedForEncodings = 0;
			knownRegions = (
				en,
				Base,
			);
			mainGroup = 232DE34B2DE64FB900F5630E;
			minimizedProjectReferenceProxies = 1;
			preferredProjectObjectVersion = 77;
			productRefGroup = 232DE3552DE64FB900F5630E /* Products */;
			projectDirPath = "";
			projectRoot = "";
			targets = (
				232DE3532DE64FB900F5630E /* BabelRx */,
				232DE3622DE64FBA00F5630E /* BabelRxTests */,
				232DE36C2DE64FBA00F5630E /* BabelRxUITests */,
			);
		};
/* End PBXProject section */

/* Begin PBXResourcesBuildPhase section */
		232DE3522DE64FB900F5630E /* Resources */ = {
			isa = PBXResourcesBuildPhase;
			buildActionMask = 2147483647;
			files = (
			);
			runOnlyForDeploymentPostprocessing = 0;
		};
		232DE3612DE64FBA00F5630E /* Resources */ = {
			isa = PBXResourcesBuildPhase;
			buildActionMask = 2147483647;
			files = (
			);
			runOnlyForDeploymentPostprocessing = 0;
		};
		232DE36B2DE64FBA00F5630E /* Resources */ = {
			isa = PBXResourcesBuildPhase;
			buildActionMask = 2147483647;
			files = (
			);
			runOnlyForDeploymentPostprocessing = 0;
		};
/* End PBXResourcesBuildPhase section */

/* Begin PBXSourcesBuildPhase section */
		232DE3502DE64FB900F5630E /* Sources */ = {
			isa = PBXSourcesBuildPhase;
			buildActionMask = 2147483647;
			files = (
			);
			runOnlyForDeploymentPostprocessing = 0;
		};
		232DE35F2DE64FBA00F5630E /* Sources */ = {
			isa = PBXSourcesBuildPhase;
			buildActionMask = 2147483647;
			files = (
			);
			runOnlyForDeploymentPostprocessing = 0;
		};
		232DE3692DE64FBA00F5630E /* Sources */ = {
			isa = PBXSourcesBuildPhase;
			buildActionMask = 2147483647;
			files = (
			);
			runOnlyForDeploymentPostprocessing = 0;
		};
/* End PBXSourcesBuildPhase section */

/* Begin PBXTargetDependency section */
		232DE3652DE64FBA00F5630E /* PBXTargetDependency */ = {
			isa = PBXTargetDependency;
			target = 232DE3532DE64FB900F5630E /* BabelRx */;
			targetProxy = 232DE3642DE64FBA00F5630E /* PBXContainerItemProxy */;
		};
		232DE36F2DE64FBA00F5630E /* PBXTargetDependency */ = {
			isa = PBXTargetDependency;
			target = 232DE3532DE64FB900F5630E /* BabelRx */;
			targetProxy = 232DE36E2DE64FBA00F5630E /* PBXContainerItemProxy */;
		};
/* End PBXTargetDependency section */

/* Begin XCBuildConfiguration section */
		232DE3752DE64FBA00F5630E /* Debug */ = {
			isa = XCBuildConfiguration;
			buildSettings = {
				ALWAYS_SEARCH_USER_PATHS = NO;
				ASSETCATALOG_COMPILER_GENERATE_SWIFT_ASSET_SYMBOL_EXTENSIONS = YES;
				CLANG_ANALYZER_NONNULL = YES;
				CLANG_ANALYZER_NUMBER_OBJECT_CONVERSION = YES_AGGRESSIVE;
				CLANG_CXX_LANGUAGE_STANDARD = "gnu++20";
				CLANG_ENABLE_MODULES = YES;
				CLANG_ENABLE_OBJC_ARC = YES;
				CLANG_ENABLE_OBJC_WEAK = YES;
				CLANG_WARN_BLOCK_CAPTURE_AUTORELEASING = YES;
				CLANG_WARN_BOOL_CONVERSION = YES;
				CLANG_WARN_COMMA = YES;
				CLANG_WARN_CONSTANT_CONVERSION = YES;
				CLANG_WARN_DEPRECATED_OBJC_IMPLEMENTATIONS = YES;
				CLANG_WARN_DIRECT_OBJC_ISA_USAGE = YES_ERROR;
				CLANG_WARN_DOCUMENTATION_COMMENTS = YES;
				CLANG_WARN_EMPTY_BODY = YES;
				CLANG_WARN_ENUM_CONVERSION = YES;
				CLANG_WARN_INFINITE_RECURSION = YES;
				CLANG_WARN_INT_CONVERSION = YES;
				CLANG_WARN_NON_LITERAL_NULL_CONVERSION = YES;
				CLANG_WARN_OBJC_IMPLICIT_RETAIN_SELF = YES;
				CLANG_WARN_OBJC_LITERAL_CONVERSION = YES;
				CLANG_WARN_OBJC_ROOT_CLASS = YES_ERROR;
				CLANG_WARN_QUOTED_INCLUDE_IN_FRAMEWORK_HEADER = YES;
				CLANG_WARN_RANGE_LOOP_ANALYSIS = YES;
				CLANG_WARN_STRICT_PROTOTYPES = YES;
				CLANG_WARN_SUSPICIOUS_MOVE = YES;
				CLANG_WARN_UNGUARDED_AVAILABILITY = YES_AGGRESSIVE;
				CLANG_WARN_UNREACHABLE_CODE = YES;
				CLANG_WARN__DUPLICATE_METHOD_MATCH = YES;
				COPY_PHASE_STRIP = NO;
				DEBUG_INFORMATION_FORMAT = dwarf;
				ENABLE_STRICT_OBJC_MSGSEND = YES;
				ENABLE_TESTABILITY = YES;
				ENABLE_USER_SCRIPT_SANDBOXING = YES;
				GCC_C_LANGUAGE_STANDARD = gnu17;
				GCC_DYNAMIC_NO_PIC = NO;
				GCC_NO_COMMON_BLOCKS = YES;
				GCC_OPTIMIZATION_LEVEL = 0;
				GCC_PREPROCESSOR_DEFINITIONS = (
					"DEBUG=1",
					"$(inherited)",
				);
				GCC_WARN_64_TO_32_BIT_CONVERSION = YES;
				GCC_WARN_ABOUT_RETURN_TYPE = YES_ERROR;
				GCC_WARN_UNDECLARED_SELECTOR = YES;
				GCC_WARN_UNINITIALIZED_AUTOS = YES_AGGRESSIVE;
				GCC_WARN_UNUSED_FUNCTION = YES;
				GCC_WARN_UNUSED_VARIABLE = YES;
				IPHONEOS_DEPLOYMENT_TARGET = 18.5;
				LOCALIZATION_PREFERS_STRING_CATALOGS = YES;
				MTL_ENABLE_DEBUG_INFO = INCLUDE_SOURCE;
				MTL_FAST_MATH = YES;
				ONLY_ACTIVE_ARCH = YES;
				SDKROOT = iphoneos;
				SWIFT_ACTIVE_COMPILATION_CONDITIONS = "DEBUG $(inherited)";
				SWIFT_OPTIMIZATION_LEVEL = "-Onone";
			};
			name = Debug;
		};
		232DE3762DE64FBA00F5630E /* Release */ = {
			isa = XCBuildConfiguration;
			buildSettings = {
				ALWAYS_SEARCH_USER_PATHS = NO;
				ASSETCATALOG_COMPILER_GENERATE_SWIFT_ASSET_SYMBOL_EXTENSIONS = YES;
				CLANG_ANALYZER_NONNULL = YES;
				CLANG_ANALYZER_NUMBER_OBJECT_CONVERSION = YES_AGGRESSIVE;
				CLANG_CXX_LANGUAGE_STANDARD = "gnu++20";
				CLANG_ENABLE_MODULES = YES;
				CLANG_ENABLE_OBJC_ARC = YES;
				CLANG_ENABLE_OBJC_WEAK = YES;
				CLANG_WARN_BLOCK_CAPTURE_AUTORELEASING = YES;
				CLANG_WARN_BOOL_CONVERSION = YES;
				CLANG_WARN_COMMA = YES;
				CLANG_WARN_CONSTANT_CONVERSION = YES;
				CLANG_WARN_DEPRECATED_OBJC_IMPLEMENTATIONS = YES;
				CLANG_WARN_DIRECT_OBJC_ISA_USAGE = YES_ERROR;
				CLANG_WARN_DOCUMENTATION_COMMENTS = YES;
				CLANG_WARN_EMPTY_BODY = YES;
				CLANG_WARN_ENUM_CONVERSION = YES;
				CLANG_WARN_INFINITE_RECURSION = YES;
				CLANG_WARN_INT_CONVERSION = YES;
				CLANG_WARN_NON_LITERAL_NULL_CONVERSION = YES;
				CLANG_WARN_OBJC_IMPLICIT_RETAIN_SELF = YES;
				CLANG_WARN_OBJC_LITERAL_CONVERSION = YES;
				CLANG_WARN_OBJC_ROOT_CLASS = YES_ERROR;
				CLANG_WARN_QUOTED_INCLUDE_IN_FRAMEWORK_HEADER = YES;
				CLANG_WARN_RANGE_LOOP_ANALYSIS = YES;
				CLANG_WARN_STRICT_PROTOTYPES = YES;
				CLANG_WARN_SUSPICIOUS_MOVE = YES;
				CLANG_WARN_UNGUARDED_AVAILABILITY = YES_AGGRESSIVE;
				CLANG_WARN_UNREACHABLE_CODE = YES;
				CLANG_WARN__DUPLICATE_METHOD_MATCH = YES;
				COPY_PHASE_STRIP = NO;
				DEBUG_INFORMATION_FORMAT = "dwarf-with-dsym";
				ENABLE_NS_ASSERTIONS = NO;
				ENABLE_STRICT_OBJC_MSGSEND = YES;
				ENABLE_USER_SCRIPT_SANDBOXING = YES;
				GCC_C_LANGUAGE_STANDARD = gnu17;
				GCC_NO_COMMON_BLOCKS = YES;
				GCC_WARN_64_TO_32_BIT_CONVERSION = YES;
				GCC_WARN_ABOUT_RETURN_TYPE = YES_ERROR;
				GCC_WARN_UNDECLARED_SELECTOR = YES;
				GCC_WARN_UNINITIALIZED_AUTOS = YES_AGGRESSIVE;
				GCC_WARN_UNUSED_FUNCTION = YES;
				GCC_WARN_UNUSED_VARIABLE = YES;
				IPHONEOS_DEPLOYMENT_TARGET = 18.5;
				LOCALIZATION_PREFERS_STRING_CATALOGS = YES;
				MTL_ENABLE_DEBUG_INFO = NO;
				MTL_FAST_MATH = YES;
				SDKROOT = iphoneos;
				SWIFT_COMPILATION_MODE = wholemodule;
				VALIDATE_PRODUCT = YES;
			};
			name = Release;
		};
		232DE3782DE64FBA00F5630E /* Debug */ = {
			isa = XCBuildConfiguration;
			buildSettings = {
				ASSETCATALOG_COMPILER_APPICON_NAME = AppIcon;
				ASSETCATALOG_COMPILER_GLOBAL_ACCENT_COLOR_NAME = AccentColor;
				CODE_SIGN_STYLE = Automatic;
				CURRENT_PROJECT_VERSION = 1;
				ENABLE_PREVIEWS = YES;
				GENERATE_INFOPLIST_FILE = YES;
				INFOPLIST_KEY_UIApplicationSceneManifest_Generation = YES;
				INFOPLIST_KEY_UIApplicationSupportsIndirectInputEvents = YES;
				INFOPLIST_KEY_UILaunchScreen_Generation = YES;
				INFOPLIST_KEY_UISupportedInterfaceOrientations_iPad = "UIInterfaceOrientationPortrait UIInterfaceOrientationPortraitUpsideDown UIInterfaceOrientationLandscapeLeft UIInterfaceOrientationLandscapeRight";
				INFOPLIST_KEY_UISupportedInterfaceOrientations_iPhone = "UIInterfaceOrientationPortrait UIInterfaceOrientationLandscapeLeft UIInterfaceOrientationLandscapeRight";
				LD_RUNPATH_SEARCH_PATHS = (
					"$(inherited)",
					"@executable_path/Frameworks",
				);
				MARKETING_VERSION = 1.0;
				PRODUCT_BUNDLE_IDENTIFIER = com.kevnster.BabelRx;
				PRODUCT_NAME = "$(TARGET_NAME)";
				SWIFT_EMIT_LOC_STRINGS = YES;
				SWIFT_VERSION = 5.0;
				TARGETED_DEVICE_FAMILY = "1,2";
			};
			name = Debug;
		};
		232DE3792DE64FBA00F5630E /* Release */ = {
			isa = XCBuildConfiguration;
			buildSettings = {
				ASSETCATALOG_COMPILER_APPICON_NAME = AppIcon;
				ASSETCATALOG_COMPILER_GLOBAL_ACCENT_COLOR_NAME = AccentColor;
				CODE_SIGN_STYLE = Automatic;
				CURRENT_PROJECT_VERSION = 1;
				ENABLE_PREVIEWS = YES;
				GENERATE_INFOPLIST_FILE = YES;
				INFOPLIST_KEY_UIApplicationSceneManifest_Generation = YES;
				INFOPLIST_KEY_UIApplicationSupportsIndirectInputEvents = YES;
				INFOPLIST_KEY_UILaunchScreen_Generation = YES;
				INFOPLIST_KEY_UISupportedInterfaceOrientations_iPad = "UIInterfaceOrientationPortrait UIInterfaceOrientationPortraitUpsideDown UIInterfaceOrientationLandscapeLeft UIInterfaceOrientationLandscapeRight";
				INFOPLIST_KEY_UISupportedInterfaceOrientations_iPhone = "UIInterfaceOrientationPortrait UIInterfaceOrientationLandscapeLeft UIInterfaceOrientationLandscapeRight";
				LD_RUNPATH_SEARCH_PATHS = (
					"$(inherited)",
					"@executable_path/Frameworks",
				);
				MARKETING_VERSION = 1.0;
				PRODUCT_BUNDLE_IDENTIFIER = com.kevnster.BabelRx;
				PRODUCT_NAME = "$(TARGET_NAME)";
				SWIFT_EMIT_LOC_STRINGS = YES;
				SWIFT_VERSION = 5.0;
				TARGETED_DEVICE_FAMILY = "1,2";
			};
			name = Release;
		};
		232DE37B2DE64FBA00F5630E /* Debug */ = {
			isa = XCBuildConfiguration;
			buildSettings = {
				BUNDLE_LOADER = "$(TEST_HOST)";
				CODE_SIGN_STYLE = Automatic;
				CURRENT_PROJECT_VERSION = 1;
				GENERATE_INFOPLIST_FILE = YES;
				IPHONEOS_DEPLOYMENT_TARGET = 18.5;
				MARKETING_VERSION = 1.0;
				PRODUCT_BUNDLE_IDENTIFIER = com.kevnster.BabelRxTests;
				PRODUCT_NAME = "$(TARGET_NAME)";
				SWIFT_EMIT_LOC_STRINGS = NO;
				SWIFT_VERSION = 5.0;
				TARGETED_DEVICE_FAMILY = "1,2";
				TEST_HOST = "$(BUILT_PRODUCTS_DIR)/BabelRx.app/$(BUNDLE_EXECUTABLE_FOLDER_PATH)/BabelRx";
			};
			name = Debug;
		};
		232DE37C2DE64FBA00F5630E /* Release */ = {
			isa = XCBuildConfiguration;
			buildSettings = {
				BUNDLE_LOADER = "$(TEST_HOST)";
				CODE_SIGN_STYLE = Automatic;
				CURRENT_PROJECT_VERSION = 1;
				GENERATE_INFOPLIST_FILE = YES;
				IPHONEOS_DEPLOYMENT_TARGET = 18.5;
				MARKETING_VERSION = 1.0;
				PRODUCT_BUNDLE_IDENTIFIER = com.kevnster.BabelRxTests;
				PRODUCT_NAME = "$(TARGET_NAME)";
				SWIFT_EMIT_LOC_STRINGS = NO;
				SWIFT_VERSION = 5.0;
				TARGETED_DEVICE_FAMILY = "1,2";
				TEST_HOST = "$(BUILT_PRODUCTS_DIR)/BabelRx.app/$(BUNDLE_EXECUTABLE_FOLDER_PATH)/BabelRx";
			};
			name = Release;
		};
		232DE37E2DE64FBA00F5630E /* Debug */ = {
			isa = XCBuildConfiguration;
			buildSettings = {
				CODE_SIGN_STYLE = Automatic;
				CURRENT_PROJECT_VERSION = 1;
				GENERATE_INFOPLIST_FILE = YES;
				MARKETING_VERSION = 1.0;
				PRODUCT_BUNDLE_IDENTIFIER = com.kevnster.BabelRxUITests;
				PRODUCT_NAME = "$(TARGET_NAME)";
				SWIFT_EMIT_LOC_STRINGS = NO;
				SWIFT_VERSION = 5.0;
				TARGETED_DEVICE_FAMILY = "1,2";
				TEST_TARGET_NAME = BabelRx;
			};
			name = Debug;
		};
		232DE37F2DE64FBA00F5630E /* Release */ = {
			isa = XCBuildConfiguration;
			buildSettings = {
				CODE_SIGN_STYLE = Automatic;
				CURRENT_PROJECT_VERSION = 1;
				GENERATE_INFOPLIST_FILE = YES;
				MARKETING_VERSION = 1.0;
				PRODUCT_BUNDLE_IDENTIFIER = com.kevnster.BabelRxUITests;
				PRODUCT_NAME = "$(TARGET_NAME)";
				SWIFT_EMIT_LOC_STRINGS = NO;
				SWIFT_VERSION = 5.0;
				TARGETED_DEVICE_FAMILY = "1,2";
				TEST_TARGET_NAME = BabelRx;
			};
			name = Release;
		};
/* End XCBuildConfiguration section */

/* Begin XCConfigurationList section */
		232DE34F2DE64FB900F5630E /* Build configuration list for PBXProject "BabelRx" */ = {
			isa = XCConfigurationList;
			buildConfigurations = (
				232DE3752DE64FBA00F5630E /* Debug */,
				232DE3762DE64FBA00F5630E /* Release */,
			);
			defaultConfigurationIsVisible = 0;
			defaultConfigurationName = Release;
		};
		232DE3772DE64FBA00F5630E /* Build configuration list for PBXNativeTarget "BabelRx" */ = {
			isa = XCConfigurationList;
			buildConfigurations = (
				232DE3782DE64FBA00F5630E /* Debug */,
				232DE3792DE64FBA00F5630E /* Release */,
			);
			defaultConfigurationIsVisible = 0;
			defaultConfigurationName = Release;
		};
		232DE37A2DE64FBA00F5630E /* Build configuration list for PBXNativeTarget "BabelRxTests" */ = {
			isa = XCConfigurationList;
			buildConfigurations = (
				232DE37B2DE64FBA00F5630E /* Debug */,
				232DE37C2DE64FBA00F5630E /* Release */,
			);
			defaultConfigurationIsVisible = 0;
			defaultConfigurationName = Release;
		};
		232DE37D2DE64FBA00F5630E /* Build configuration list for PBXNativeTarget "BabelRxUITests" */ = {
			isa = XCConfigurationList;
			buildConfigurations = (
				232DE37E2DE64FBA00F5630E /* Debug */,
				232DE37F2DE64FBA00F5630E /* Release */,
			);
			defaultConfigurationIsVisible = 0;
			defaultConfigurationName = Release;
		};
/* End XCConfigurationList section */
	};
	rootObject = 232DE34C2DE64FB900F5630E /* Project object */;
}
